
Microsoft Visual Studio Solution File, Format Version 12.00
# Visual Studio Version 17
VisualStudioVersion = 17.0.32112.339
MinimumVisualStudioVersion = 10.0.40219.1
Project("{FAE04EC0-301F-11D3-BF4B-00C04F79EFBC}") = "TheWolf", "TheWolf.csproj", "{5E61A2A5-8D7A-425A-87D4-659DEDA7ED2D}"
EndProject
Global
	GlobalSection(SolutionConfigurationPlatforms) = preSolution
		Debug|Any CPU = Debug|Any CPU
		Release|Any CPU = Release|Any CPU
	EndGlobalSection
	GlobalSection(ProjectConfigurationPlatforms) = postSolution
		{5E61A2A5-8D7A-425A-87D4-659DEDA7ED2D}.Debug|Any CPU.ActiveCfg = Debug|Any CPU
		{5E61A2A5-8D7A-425A-87D4-659DEDA7ED2D}.Debug|Any CPU.Build.0 = Debug|Any CPU
		{5E61A2A5-8D7A-425A-87D4-659DEDA7ED2D}.Release|Any CPU.ActiveCfg = Release|Any CPU
		{5E61A2A5-8D7A-425A-87D4-659DEDA7ED2D}.Release|Any CPU.Build.0 = Release|Any CPU
	EndGlobalSection
	GlobalSection(SolutionProperties) = preSolution
		HideSolutionNode = FALSE
	EndGlobalSection
	GlobalSection(ExtensibilityGlobals) = postSolution
		SolutionGuid = {6E7DD33F-2E5B-4DBC-90EC-14F07DFA904B}
	EndGlobalSection
EndGlobal
